
Microsoft Visual Studio Solution File, Format Version 12.00
# Visual Studio Version 17
VisualStudioVersion = 17.3.32825.248
MinimumVisualStudioVersion = 10.0.40219.1
Project("{FAE04EC0-301F-11D3-BF4B-00C04F79EFBC}") = "22_sep_class", "22_sep_class\22_sep_class.csproj", "{89765DA6-9041-477C-AB12-D3DCB4896D8E}"
EndProject
Global
	GlobalSection(SolutionConfigurationPlatforms) = preSolution
		Debug|Any CPU = Debug|Any CPU
		Release|Any CPU = Release|Any CPU
	EndGlobalSection
	GlobalSection(ProjectConfigurationPlatforms) = postSolution
		{89765DA6-9041-477C-AB12-D3DCB4896D8E}.Debug|Any CPU.ActiveCfg = Debug|Any CPU
		{89765DA6-9041-477C-AB12-D3DCB4896D8E}.Debug|Any CPU.Build.0 = Debug|Any CPU
		{89765DA6-9041-477C-AB12-D3DCB4896D8E}.Release|Any CPU.ActiveCfg = Release|Any CPU
		{89765DA6-9041-477C-AB12-D3DCB4896D8E}.Release|Any CPU.Build.0 = Release|Any CPU
	EndGlobalSection
	GlobalSection(SolutionProperties) = preSolution
		HideSolutionNode = FALSE
	EndGlobalSection
	GlobalSection(ExtensibilityGlobals) = postSolution
		SolutionGuid = {B712771C-970E-4179-A56A-4762E0F44D52}
	EndGlobalSection
EndGlobal
